
Microsoft Visual Studio Solution File, Format Version 12.00
# Visual Studio Version 17
VisualStudioVersion = 17.5.33502.453
MinimumVisualStudioVersion = 10.0.40219.1
Project("{FAE04EC0-301F-11D3-BF4B-00C04F79EFBC}") = "BookManagement.Web", "BookManagement.Web\BookManagement.Web.csproj", "{C4FBB03C-8BA3-47D2-B3B2-B617EF6BEAC8}"
EndProject
Project("{FAE04EC0-301F-11D3-BF4B-00C04F79EFBC}") = "BookManagement.Infra", "BookManagement.Infra\BookManagement.Infra.csproj", "{424FE06A-3251-4797-81B7-9068A88B4672}"
EndProject
Project("{FAE04EC0-301F-11D3-BF4B-00C04F79EFBC}") = "BookManagement.Service", "BookManagement.Service\BookManagement.Service.csproj", "{9451C3AA-F33C-4FA3-A4E3-FCBD684A0A52}"
EndProject
Project("{FAE04EC0-301F-11D3-BF4B-00C04F79EFBC}") = "BookManagement.Domain", "BookManagement.Domain\BookManagement.Domain.csproj", "{5A05BF0E-0857-4322-889E-E4217B133ABF}"
EndProject
Project("{FAE04EC0-301F-11D3-BF4B-00C04F79EFBC}") = "BookManagement.Application", "BookManagement.Application\BookManagement.Application.csproj", "{17D515F5-F2DD-4EDD-B6A9-733893ECAE2F}"
EndProject
Global
	GlobalSection(SolutionConfigurationPlatforms) = preSolution
		Debug|Any CPU = Debug|Any CPU
		Release|Any CPU = Release|Any CPU
	EndGlobalSection
	GlobalSection(ProjectConfigurationPlatforms) = postSolution
		{C4FBB03C-8BA3-47D2-B3B2-B617EF6BEAC8}.Debug|Any CPU.ActiveCfg = Debug|Any CPU
		{C4FBB03C-8BA3-47D2-B3B2-B617EF6BEAC8}.Debug|Any CPU.Build.0 = Debug|Any CPU
		{C4FBB03C-8BA3-47D2-B3B2-B617EF6BEAC8}.Release|Any CPU.ActiveCfg = Release|Any CPU
		{C4FBB03C-8BA3-47D2-B3B2-B617EF6BEAC8}.Release|Any CPU.Build.0 = Release|Any CPU
		{424FE06A-3251-4797-81B7-9068A88B4672}.Debug|Any CPU.ActiveCfg = Debug|Any CPU
		{424FE06A-3251-4797-81B7-9068A88B4672}.Debug|Any CPU.Build.0 = Debug|Any CPU
		{424FE06A-3251-4797-81B7-9068A88B4672}.Release|Any CPU.ActiveCfg = Release|Any CPU
		{424FE06A-3251-4797-81B7-9068A88B4672}.Release|Any CPU.Build.0 = Release|Any CPU
		{9451C3AA-F33C-4FA3-A4E3-FCBD684A0A52}.Debug|Any CPU.ActiveCfg = Debug|Any CPU
		{9451C3AA-F33C-4FA3-A4E3-FCBD684A0A52}.Debug|Any CPU.Build.0 = Debug|Any CPU
		{9451C3AA-F33C-4FA3-A4E3-FCBD684A0A52}.Release|Any CPU.ActiveCfg = Release|Any CPU
		{9451C3AA-F33C-4FA3-A4E3-FCBD684A0A52}.Release|Any CPU.Build.0 = Release|Any CPU
		{5A05BF0E-0857-4322-889E-E4217B133ABF}.Debug|Any CPU.ActiveCfg = Debug|Any CPU
		{5A05BF0E-0857-4322-889E-E4217B133ABF}.Debug|Any CPU.Build.0 = Debug|Any CPU
		{5A05BF0E-0857-4322-889E-E4217B133ABF}.Release|Any CPU.ActiveCfg = Release|Any CPU
		{5A05BF0E-0857-4322-889E-E4217B133ABF}.Release|Any CPU.Build.0 = Release|Any CPU
		{17D515F5-F2DD-4EDD-B6A9-733893ECAE2F}.Debug|Any CPU.ActiveCfg = Debug|Any CPU
		{17D515F5-F2DD-4EDD-B6A9-733893ECAE2F}.Debug|Any CPU.Build.0 = Debug|Any CPU
		{17D515F5-F2DD-4EDD-B6A9-733893ECAE2F}.Release|Any CPU.ActiveCfg = Release|Any CPU
		{17D515F5-F2DD-4EDD-B6A9-733893ECAE2F}.Release|Any CPU.Build.0 = Release|Any CPU
	EndGlobalSection
	GlobalSection(SolutionProperties) = preSolution
		HideSolutionNode = FALSE
	EndGlobalSection
	GlobalSection(ExtensibilityGlobals) = postSolution
		SolutionGuid = {751DE7A8-EC69-42FD-B599-F3F4ABB35E81}
	EndGlobalSection
EndGlobal
